{
  "name": "source-map-files",
  "version": "1.0.0",
  "lockfileVersion": 1,
  "requires": true,
  "dependencies": {
    "has-flag": {
      "version": "4.0.0",
      "resolved": "https://unpm.uberinternal.com/has-flag/-/has-flag-4.0.0.tgz",
      "integrity": "sha1-lEdx/ZyByBJlxNaUGGDaBrtZR5s="
    },
    "html-escaper": {
      "version": "2.0.2",
      "resolved": "https://unpm.uberinternal.com/html-escaper/-/html-escaper-2.0.2.tgz",
      "integrity": "sha1-39YAJ9o2o238viNiYsAKWCJoFFM="
    },
    "istanbul-lib-coverage": {
      "version": "3.0.0",
      "resolved": "https://unpm.uberinternal.com/istanbul-lib-coverage/-/istanbul-lib-coverage-3.0.0.tgz",
      "integrity": "sha1-9ZRKN8cLVQsCp4pcOyBVsoDOyOw="
    },
    "istanbul-lib-report": {
      "version": "3.0.0",
      "resolved": "https://unpm.uberinternal.com/istanbul-lib-report/-/istanbul-lib-report-3.0.0.tgz",
      "integrity": "sha1-dRj+UupE3jcvRgp2tezan/tz2KY=",
      "requires": {
        "istanbul-lib-coverage": "^3.0.0",
        "make-dir": "^3.0.0",
        "supports-color": "^7.1.0"
      }
    },
    "istanbul-reports": {
      "version": "3.0.2",
      "resolved": "https://unpm.uberinternal.com/istanbul-reports/-/istanbul-reports-3.0.2.tgz",
      "integrity": "sha1-1ZMhDlAAaDdQywn8BkTktuJ/1Ts=",
      "requires": {
        "html-escaper": "^2.0.0",
        "istanbul-lib-report": "^3.0.0"
      }
    },
    "make-dir": {
      "version": "3.1.0",
      "resolved": "https://unpm.uberinternal.com/make-dir/-/make-dir-3.1.0.tgz",
      "integrity": "sha1-QV6WcEazp/HRhSd9hKpYIDcmoT8=",
      "requires": {
        "semver": "^6.0.0"
      }
    },
    "semver": {
      "version": "6.3.0",
      "resolved": "https://unpm.uberinternal.com/semver/-/semver-6.3.0.tgz",
      "integrity": "sha1-7gpkyK9ejO6mdoexM3YeG+y9HT0="
    },
    "supports-color": {
      "version": "7.2.0",
      "resolved": "https://unpm.uberinternal.com/supports-color/-/supports-color-7.2.0.tgz",
      "integrity": "sha1-G33NyzK4E4gBs+R4umpRyqiWSNo=",
      "requires": {
        "has-flag": "^4.0.0"
      }
    }
  }
}
